// !$*UTF8*$!
{
	archiveVersion = 1;
	classes = {
	};
	objectVersion = 48;
	objects = {

/* Begin PBXBuildFile section */
		B1240FD921597D4200DD876D /* AppDelegate.swift in Sources */ = {isa = PBXBuildFile; fileRef = B1240FD821597D4200DD876D /* AppDelegate.swift */; };
		B1240FDB21597D4200DD876D /* ViewController.swift in Sources */ = {isa = PBXBuildFile; fileRef = B1240FDA21597D4200DD876D /* ViewController.swift */; };
		B1240FDE21597D4200DD876D /* Main.storyboard in Resources */ = {isa = PBXBuildFile; fileRef = B1240FDC21597D4200DD876D /* Main.storyboard */; };
		B1240FE021597D4200DD876D /* Assets.xcassets in Resources */ = {isa = PBXBuildFile; fileRef = B1240FDF21597D4200DD876D /* Assets.xcassets */; };
		B1240FE321597D4200DD876D /* LaunchScreen.storyboard in Resources */ = {isa = PBXBuildFile; fileRef = B1240FE121597D4200DD876D /* LaunchScreen.storyboard */; };
		B1240FEE21597D4200DD876D /* mobilyticsTests.swift in Sources */ = {isa = PBXBuildFile; fileRef = B1240FED21597D4200DD876D /* mobilyticsTests.swift */; };
		B1240FF921597D4200DD876D /* mobilyticsUITests.swift in Sources */ = {isa = PBXBuildFile; fileRef = B1240FF821597D4200DD876D /* mobilyticsUITests.swift */; };
		B124100721597DA700DD876D /* Mapbox.framework in Frameworks */ = {isa = PBXBuildFile; fileRef = B124100621597DA600DD876D /* Mapbox.framework */; };
		B124100821597DA700DD876D /* Mapbox.framework in Embed Frameworks */ = {isa = PBXBuildFile; fileRef = B124100621597DA600DD876D /* Mapbox.framework */; settings = {ATTRIBUTES = (CodeSignOnCopy, RemoveHeadersOnCopy, ); }; };
		B124100D2159CEEF00DD876D /* CoreLocation.framework in Frameworks */ = {isa = PBXBuildFile; fileRef = B124100C2159CEEF00DD876D /* CoreLocation.framework */; };
		C432DF12D3F4FE5E3AAC050E /* Pods_mobilyticsUITests.framework in Frameworks */ = {isa = PBXBuildFile; fileRef = 6C96A6EE35801EEDFE0AAC01 /* Pods_mobilyticsUITests.framework */; };
		C695052B19AD286760FE7ABF /* Pods_mobilytics.framework in Frameworks */ = {isa = PBXBuildFile; fileRef = 8A8378E0DA627486CAA35590 /* Pods_mobilytics.framework */; };
		DF6029F7C5128641D82B57DE /* Pods_mobilyticsTests.framework in Frameworks */ = {isa = PBXBuildFile; fileRef = C2BC8CD7A795A54CE6E0D306 /* Pods_mobilyticsTests.framework */; };
/* End PBXBuildFile section */

/* Begin PBXContainerItemProxy section */
		B1240FEA21597D4200DD876D /* PBXContainerItemProxy */ = {
			isa = PBXContainerItemProxy;
			containerPortal = B1240FCD21597D4200DD876D /* Project object */;
			proxyType = 1;
			remoteGlobalIDString = B1240FD421597D4200DD876D;
			remoteInfo = mobilytics;
		};
		B1240FF521597D4200DD876D /* PBXContainerItemProxy */ = {
			isa = PBXContainerItemProxy;
			containerPortal = B1240FCD21597D4200DD876D /* Project object */;
			proxyType = 1;
			remoteGlobalIDString = B1240FD421597D4200DD876D;
			remoteInfo = mobilytics;
		};
/* End PBXContainerItemProxy section */

/* Begin PBXCopyFilesBuildPhase section */
		B124100921597DA700DD876D /* Embed Frameworks */ = {
			isa = PBXCopyFilesBuildPhase;
			buildActionMask = 2147483647;
			dstPath = "";
			dstSubfolderSpec = 10;
			files = (
				B124100821597DA700DD876D /* Mapbox.framework in Embed Frameworks */,
			);
			name = "Embed Frameworks";
			runOnlyForDeploymentPostprocessing = 0;
		};
/* End PBXCopyFilesBuildPhase section */

/* Begin PBXFileReference section */
		096797B12BD7C94A3B517D10 /* Pods-mobilyticsUITests.release.xcconfig */ = {isa = PBXFileReference; includeInIndex = 1; lastKnownFileType = text.xcconfig; name = "Pods-mobilyticsUITests.release.xcconfig"; path = "Pods/Target Support Files/Pods-mobilyticsUITests/Pods-mobilyticsUITests.release.xcconfig"; sourceTree = "<group>"; };
		27EA20A216F235EFDABD5A81 /* Pods-mobilyticsUITests.debug.xcconfig */ = {isa = PBXFileReference; includeInIndex = 1; lastKnownFileType = text.xcconfig; name = "Pods-mobilyticsUITests.debug.xcconfig"; path = "Pods/Target Support Files/Pods-mobilyticsUITests/Pods-mobilyticsUITests.debug.xcconfig"; sourceTree = "<group>"; };
		47EB9069987A84C64E6FC2FF /* Pods-mobilytics.release.xcconfig */ = {isa = PBXFileReference; includeInIndex = 1; lastKnownFileType = text.xcconfig; name = "Pods-mobilytics.release.xcconfig"; path = "Pods/Target Support Files/Pods-mobilytics/Pods-mobilytics.release.xcconfig"; sourceTree = "<group>"; };
		6C96A6EE35801EEDFE0AAC01 /* Pods_mobilyticsUITests.framework */ = {isa = PBXFileReference; explicitFileType = wrapper.framework; includeInIndex = 0; path = Pods_mobilyticsUITests.framework; sourceTree = BUILT_PRODUCTS_DIR; };
		8A8378E0DA627486CAA35590 /* Pods_mobilytics.framework */ = {isa = PBXFileReference; explicitFileType = wrapper.framework; includeInIndex = 0; path = Pods_mobilytics.framework; sourceTree = BUILT_PRODUCTS_DIR; };
		B1240FD521597D4200DD876D /* mobilytics.app */ = {isa = PBXFileReference; explicitFileType = wrapper.application; includeInIndex = 0; path = mobilytics.app; sourceTree = BUILT_PRODUCTS_DIR; };
		B1240FD821597D4200DD876D /* AppDelegate.swift */ = {isa = PBXFileReference; lastKnownFileType = sourcecode.swift; path = AppDelegate.swift; sourceTree = "<group>"; };
		B1240FDA21597D4200DD876D /* ViewController.swift */ = {isa = PBXFileReference; lastKnownFileType = sourcecode.swift; path = ViewController.swift; sourceTree = "<group>"; };
		B1240FDD21597D4200DD876D /* Base */ = {isa = PBXFileReference; lastKnownFileType = file.storyboard; name = Base; path = Base.lproj/Main.storyboard; sourceTree = "<group>"; };
		B1240FDF21597D4200DD876D /* Assets.xcassets */ = {isa = PBXFileReference; lastKnownFileType = folder.assetcatalog; path = Assets.xcassets; sourceTree = "<group>"; };
		B1240FE221597D4200DD876D /* Base */ = {isa = PBXFileReference; lastKnownFileType = file.storyboard; name = Base; path = Base.lproj/LaunchScreen.storyboard; sourceTree = "<group>"; };
		B1240FE421597D4200DD876D /* Info.plist */ = {isa = PBXFileReference; lastKnownFileType = text.plist.xml; path = Info.plist; sourceTree = "<group>"; };
		B1240FE921597D4200DD876D /* mobilyticsTests.xctest */ = {isa = PBXFileReference; explicitFileType = wrapper.cfbundle; includeInIndex = 0; path = mobilyticsTests.xctest; sourceTree = BUILT_PRODUCTS_DIR; };
		B1240FED21597D4200DD876D /* mobilyticsTests.swift */ = {isa = PBXFileReference; lastKnownFileType = sourcecode.swift; path = mobilyticsTests.swift; sourceTree = "<group>"; };
		B1240FEF21597D4200DD876D /* Info.plist */ = {isa = PBXFileReference; lastKnownFileType = text.plist.xml; path = Info.plist; sourceTree = "<group>"; };
		B1240FF421597D4200DD876D /* mobilyticsUITests.xctest */ = {isa = PBXFileReference; explicitFileType = wrapper.cfbundle; includeInIndex = 0; path = mobilyticsUITests.xctest; sourceTree = BUILT_PRODUCTS_DIR; };
		B1240FF821597D4200DD876D /* mobilyticsUITests.swift */ = {isa = PBXFileReference; lastKnownFileType = sourcecode.swift; path = mobilyticsUITests.swift; sourceTree = "<group>"; };
		B1240FFA21597D4200DD876D /* Info.plist */ = {isa = PBXFileReference; lastKnownFileType = text.plist.xml; path = Info.plist; sourceTree = "<group>"; };
		B124100621597DA600DD876D /* Mapbox.framework */ = {isa = PBXFileReference; lastKnownFileType = wrapper.framework; path = Mapbox.framework; sourceTree = "<group>"; };
		B124100C2159CEEF00DD876D /* CoreLocation.framework */ = {isa = PBXFileReference; lastKnownFileType = wrapper.framework; name = CoreLocation.framework; path = System/Library/Frameworks/CoreLocation.framework; sourceTree = SDKROOT; };
		B274501CD8A8A6112F36DD7F /* Pods-mobilyticsTests.release.xcconfig */ = {isa = PBXFileReference; includeInIndex = 1; lastKnownFileType = text.xcconfig; name = "Pods-mobilyticsTests.release.xcconfig"; path = "Pods/Target Support Files/Pods-mobilyticsTests/Pods-mobilyticsTests.release.xcconfig"; sourceTree = "<group>"; };
		C2BC8CD7A795A54CE6E0D306 /* Pods_mobilyticsTests.framework */ = {isa = PBXFileReference; explicitFileType = wrapper.framework; includeInIndex = 0; path = Pods_mobilyticsTests.framework; sourceTree = BUILT_PRODUCTS_DIR; };
		CD599C13BBAED5C14644FF86 /* Pods-mobilytics.debug.xcconfig */ = {isa = PBXFileReference; includeInIndex = 1; lastKnownFileType = text.xcconfig; name = "Pods-mobilytics.debug.xcconfig"; path = "Pods/Target Support Files/Pods-mobilytics/Pods-mobilytics.debug.xcconfig"; sourceTree = "<group>"; };
		F30AD3E07B48BBC2DAEEB4A3 /* Pods-mobilyticsTests.debug.xcconfig */ = {isa = PBXFileReference; includeInIndex = 1; lastKnownFileType = text.xcconfig; name = "Pods-mobilyticsTests.debug.xcconfig"; path = "Pods/Target Support Files/Pods-mobilyticsTests/Pods-mobilyticsTests.debug.xcconfig"; sourceTree = "<group>"; };
/* End PBXFileReference section */

/* Begin PBXFrameworksBuildPhase section */
		B1240FD221597D4200DD876D /* Frameworks */ = {
			isa = PBXFrameworksBuildPhase;
			buildActionMask = 2147483647;
			files = (
				B124100D2159CEEF00DD876D /* CoreLocation.framework in Frameworks */,
				B124100721597DA700DD876D /* Mapbox.framework in Frameworks */,
				C695052B19AD286760FE7ABF /* Pods_mobilytics.framework in Frameworks */,
			);
			runOnlyForDeploymentPostprocessing = 0;
		};
		B1240FE621597D4200DD876D /* Frameworks */ = {
			isa = PBXFrameworksBuildPhase;
			buildActionMask = 2147483647;
			files = (
				DF6029F7C5128641D82B57DE /* Pods_mobilyticsTests.framework in Frameworks */,
			);
			runOnlyForDeploymentPostprocessing = 0;
		};
		B1240FF121597D4200DD876D /* Frameworks */ = {
			isa = PBXFrameworksBuildPhase;
			buildActionMask = 2147483647;
			files = (
				C432DF12D3F4FE5E3AAC050E /* Pods_mobilyticsUITests.framework in Frameworks */,
			);
			runOnlyForDeploymentPostprocessing = 0;
		};
/* End PBXFrameworksBuildPhase section */

/* Begin PBXGroup section */
		1C42EF7B7AE010EB6CE89BBA /* Pods */ = {
			isa = PBXGroup;
			children = (
				CD599C13BBAED5C14644FF86 /* Pods-mobilytics.debug.xcconfig */,
				47EB9069987A84C64E6FC2FF /* Pods-mobilytics.release.xcconfig */,
				F30AD3E07B48BBC2DAEEB4A3 /* Pods-mobilyticsTests.debug.xcconfig */,
				B274501CD8A8A6112F36DD7F /* Pods-mobilyticsTests.release.xcconfig */,
				27EA20A216F235EFDABD5A81 /* Pods-mobilyticsUITests.debug.xcconfig */,
				096797B12BD7C94A3B517D10 /* Pods-mobilyticsUITests.release.xcconfig */,
			);
			name = Pods;
			sourceTree = "<group>";
		};
		B1240FCC21597D4200DD876D = {
			isa = PBXGroup;
			children = (
				B124100621597DA600DD876D /* Mapbox.framework */,
				B1240FD721597D4200DD876D /* mobilytics */,
				B1240FEC21597D4200DD876D /* mobilyticsTests */,
				B1240FF721597D4200DD876D /* mobilyticsUITests */,
				B1240FD621597D4200DD876D /* Products */,
				B124100B2159CEEE00DD876D /* Frameworks */,
				1C42EF7B7AE010EB6CE89BBA /* Pods */,
			);
			sourceTree = "<group>";
		};
		B1240FD621597D4200DD876D /* Products */ = {
			isa = PBXGroup;
			children = (
				B1240FD521597D4200DD876D /* mobilytics.app */,
				B1240FE921597D4200DD876D /* mobilyticsTests.xctest */,
				B1240FF421597D4200DD876D /* mobilyticsUITests.xctest */,
			);
			name = Products;
			sourceTree = "<group>";
		};
		B1240FD721597D4200DD876D /* mobilytics */ = {
			isa = PBXGroup;
			children = (
				B1240FD821597D4200DD876D /* AppDelegate.swift */,
				B1240FDA21597D4200DD876D /* ViewController.swift */,
				B1240FDC21597D4200DD876D /* Main.storyboard */,
				B1240FDF21597D4200DD876D /* Assets.xcassets */,
				B1240FE121597D4200DD876D /* LaunchScreen.storyboard */,
				B1240FE421597D4200DD876D /* Info.plist */,
			);
			path = mobilytics;
			sourceTree = "<group>";
		};
		B1240FEC21597D4200DD876D /* mobilyticsTests */ = {
			isa = PBXGroup;
			children = (
				B1240FED21597D4200DD876D /* mobilyticsTests.swift */,
				B1240FEF21597D4200DD876D /* Info.plist */,
			);
			path = mobilyticsTests;
			sourceTree = "<group>";
		};
		B1240FF721597D4200DD876D /* mobilyticsUITests */ = {
			isa = PBXGroup;
			children = (
				B1240FF821597D4200DD876D /* mobilyticsUITests.swift */,
				B1240FFA21597D4200DD876D /* Info.plist */,
			);
			path = mobilyticsUITests;
			sourceTree = "<group>";
		};
		B124100B2159CEEE00DD876D /* Frameworks */ = {
			isa = PBXGroup;
			children = (
				B124100C2159CEEF00DD876D /* CoreLocation.framework */,
				8A8378E0DA627486CAA35590 /* Pods_mobilytics.framework */,
				C2BC8CD7A795A54CE6E0D306 /* Pods_mobilyticsTests.framework */,
				6C96A6EE35801EEDFE0AAC01 /* Pods_mobilyticsUITests.framework */,
			);
			name = Frameworks;
			sourceTree = "<group>";
		};
/* End PBXGroup section */

/* Begin PBXNativeTarget section */
		B1240FD421597D4200DD876D /* mobilytics */ = {
			isa = PBXNativeTarget;
			buildConfigurationList = B1240FFD21597D4200DD876D /* Build configuration list for PBXNativeTarget "mobilytics" */;
			buildPhases = (
				9FD23E1857923AC358CF73FA /* [CP] Check Pods Manifest.lock */,
				B1240FD121597D4200DD876D /* Sources */,
				B1240FD221597D4200DD876D /* Frameworks */,
				B1240FD321597D4200DD876D /* Resources */,
				B124100921597DA700DD876D /* Embed Frameworks */,
				B124100A21597DBE00DD876D /* ShellScript */,
				C7F53B52C1CBA5949D11D266 /* [CP] Embed Pods Frameworks */,
			);
			buildRules = (
			);
			dependencies = (
			);
			name = mobilytics;
			productName = mobilytics;
			productReference = B1240FD521597D4200DD876D /* mobilytics.app */;
			productType = "com.apple.product-type.application";
		};
		B1240FE821597D4200DD876D /* mobilyticsTests */ = {
			isa = PBXNativeTarget;
			buildConfigurationList = B124100021597D4200DD876D /* Build configuration list for PBXNativeTarget "mobilyticsTests" */;
			buildPhases = (
				FB1AA513653CB39323836554 /* [CP] Check Pods Manifest.lock */,
				B1240FE521597D4200DD876D /* Sources */,
				B1240FE621597D4200DD876D /* Frameworks */,
				B1240FE721597D4200DD876D /* Resources */,
			);
			buildRules = (
			);
			dependencies = (
				B1240FEB21597D4200DD876D /* PBXTargetDependency */,
			);
			name = mobilyticsTests;
			productName = mobilyticsTests;
			productReference = B1240FE921597D4200DD876D /* mobilyticsTests.xctest */;
			productType = "com.apple.product-type.bundle.unit-test";
		};
		B1240FF321597D4200DD876D /* mobilyticsUITests */ = {
			isa = PBXNativeTarget;
			buildConfigurationList = B124100321597D4200DD876D /* Build configuration list for PBXNativeTarget "mobilyticsUITests" */;
			buildPhases = (
				D5DE134689A8C3B1FEDF1531 /* [CP] Check Pods Manifest.lock */,
				B1240FF021597D4200DD876D /* Sources */,
				B1240FF121597D4200DD876D /* Frameworks */,
				B1240FF221597D4200DD876D /* Resources */,
			);
			buildRules = (
			);
			dependencies = (
				B1240FF621597D4200DD876D /* PBXTargetDependency */,
			);
			name = mobilyticsUITests;
			productName = mobilyticsUITests;
			productReference = B1240FF421597D4200DD876D /* mobilyticsUITests.xctest */;
			productType = "com.apple.product-type.bundle.ui-testing";
		};
/* End PBXNativeTarget section */

/* Begin PBXProject section */
		B1240FCD21597D4200DD876D /* Project object */ = {
			isa = PBXProject;
			attributes = {
				LastSwiftUpdateCheck = 0920;
				LastUpgradeCheck = 0920;
				ORGANIZATIONNAME = "Xiao Li";
				TargetAttributes = {
					B1240FD421597D4200DD876D = {
						CreatedOnToolsVersion = 9.2;
						ProvisioningStyle = Automatic;
					};
					B1240FE821597D4200DD876D = {
						CreatedOnToolsVersion = 9.2;
						ProvisioningStyle = Automatic;
						TestTargetID = B1240FD421597D4200DD876D;
					};
					B1240FF321597D4200DD876D = {
						CreatedOnToolsVersion = 9.2;
						ProvisioningStyle = Automatic;
						TestTargetID = B1240FD421597D4200DD876D;
					};
				};
			};
			buildConfigurationList = B1240FD021597D4200DD876D /* Build configuration list for PBXProject "mobilytics" */;
			compatibilityVersion = "Xcode 8.0";
			developmentRegion = en;
			hasScannedForEncodings = 0;
			knownRegions = (
				en,
				Base,
			);
			mainGroup = B1240FCC21597D4200DD876D;
			productRefGroup = B1240FD621597D4200DD876D /* Products */;
			projectDirPath = "";
			projectRoot = "";
			targets = (
				B1240FD421597D4200DD876D /* mobilytics */,
				B1240FE821597D4200DD876D /* mobilyticsTests */,
				B1240FF321597D4200DD876D /* mobilyticsUITests */,
			);
		};
/* End PBXProject section */

/* Begin PBXResourcesBuildPhase section */
		B1240FD321597D4200DD876D /* Resources */ = {
			isa = PBXResourcesBuildPhase;
			buildActionMask = 2147483647;
			files = (
				B1240FE321597D4200DD876D /* LaunchScreen.storyboard in Resources */,
				B1240FE021597D4200DD876D /* Assets.xcassets in Resources */,
				B1240FDE21597D4200DD876D /* Main.storyboard in Resources */,
			);
			runOnlyForDeploymentPostprocessing = 0;
		};
		B1240FE721597D4200DD876D /* Resources */ = {
			isa = PBXResourcesBuildPhase;
			buildActionMask = 2147483647;
			files = (
			);
			runOnlyForDeploymentPostprocessing = 0;
		};
		B1240FF221597D4200DD876D /* Resources */ = {
			isa = PBXResourcesBuildPhase;
			buildActionMask = 2147483647;
			files = (
			);
			runOnlyForDeploymentPostprocessing = 0;
		};
/* End PBXResourcesBuildPhase section */

/* Begin PBXShellScriptBuildPhase section */
		9FD23E1857923AC358CF73FA /* [CP] Check Pods Manifest.lock */ = {
			isa = PBXShellScriptBuildPhase;
			buildActionMask = 2147483647;
			files = (
			);
			inputPaths = (
				"${PODS_PODFILE_DIR_PATH}/Podfile.lock",
				"${PODS_ROOT}/Manifest.lock",
			);
			name = "[CP] Check Pods Manifest.lock";
			outputPaths = (
				"$(DERIVED_FILE_DIR)/Pods-mobilytics-checkManifestLockResult.txt",
			);
			runOnlyForDeploymentPostprocessing = 0;
			shellPath = /bin/sh;
			shellScript = "diff \"${PODS_PODFILE_DIR_PATH}/Podfile.lock\" \"${PODS_ROOT}/Manifest.lock\" > /dev/null\nif [ $? != 0 ] ; then\n    # print error to STDERR\n    echo \"error: The sandbox is not in sync with the Podfile.lock. Run 'pod install' or update your CocoaPods installation.\" >&2\n    exit 1\nfi\n# This output is used by Xcode 'outputs' to avoid re-running this script phase.\necho \"SUCCESS\" > \"${SCRIPT_OUTPUT_FILE_0}\"\n";
			showEnvVarsInLog = 0;
		};
		B124100A21597DBE00DD876D /* ShellScript */ = {
			isa = PBXShellScriptBuildPhase;
			buildActionMask = 2147483647;
			files = (
			);
			inputPaths = (
			);
			outputPaths = (
			);
			runOnlyForDeploymentPostprocessing = 0;
			shellPath = /bin/sh;
			shellScript = "bash \"${BUILT_PRODUCTS_DIR}/${FRAMEWORKS_FOLDER_PATH}/Mapbox.framework/strip-frameworks.sh\"";
		};
		C7F53B52C1CBA5949D11D266 /* [CP] Embed Pods Frameworks */ = {
			isa = PBXShellScriptBuildPhase;
			buildActionMask = 2147483647;
			files = (
			);
			inputPaths = (
				"${SRCROOT}/Pods/Target Support Files/Pods-mobilytics/Pods-mobilytics-frameworks.sh",
				"${BUILT_PRODUCTS_DIR}/MapboxGeocoder.swift/MapboxGeocoder.framework",
			);
			name = "[CP] Embed Pods Frameworks";
			outputPaths = (
				"${TARGET_BUILD_DIR}/${FRAMEWORKS_FOLDER_PATH}/MapboxGeocoder.framework",
			);
			runOnlyForDeploymentPostprocessing = 0;
			shellPath = /bin/sh;
			shellScript = "\"${SRCROOT}/Pods/Target Support Files/Pods-mobilytics/Pods-mobilytics-frameworks.sh\"\n";
			showEnvVarsInLog = 0;
		};
		D5DE134689A8C3B1FEDF1531 /* [CP] Check Pods Manifest.lock */ = {
			isa = PBXShellScriptBuildPhase;
			buildActionMask = 2147483647;
			files = (
			);
			inputPaths = (
				"${PODS_PODFILE_DIR_PATH}/Podfile.lock",
				"${PODS_ROOT}/Manifest.lock",
			);
			name = "[CP] Check Pods Manifest.lock";
			outputPaths = (
				"$(DERIVED_FILE_DIR)/Pods-mobilyticsUITests-checkManifestLockResult.txt",
			);
			runOnlyForDeploymentPostprocessing = 0;
			shellPath = /bin/sh;
			shellScript = "diff \"${PODS_PODFILE_DIR_PATH}/Podfile.lock\" \"${PODS_ROOT}/Manifest.lock\" > /dev/null\nif [ $? != 0 ] ; then\n    # print error to STDERR\n    echo \"error: The sandbox is not in sync with the Podfile.lock. Run 'pod install' or update your CocoaPods installation.\" >&2\n    exit 1\nfi\n# This output is used by Xcode 'outputs' to avoid re-running this script phase.\necho \"SUCCESS\" > \"${SCRIPT_OUTPUT_FILE_0}\"\n";
			showEnvVarsInLog = 0;
		};
		FB1AA513653CB39323836554 /* [CP] Check Pods Manifest.lock */ = {
			isa = PBXShellScriptBuildPhase;
			buildActionMask = 2147483647;
			files = (
			);
			inputPaths = (
				"${PODS_PODFILE_DIR_PATH}/Podfile.lock",
				"${PODS_ROOT}/Manifest.lock",
			);
			name = "[CP] Check Pods Manifest.lock";
			outputPaths = (
				"$(DERIVED_FILE_DIR)/Pods-mobilyticsTests-checkManifestLockResult.txt",
			);
			runOnlyForDeploymentPostprocessing = 0;
			shellPath = /bin/sh;
			shellScript = "diff \"${PODS_PODFILE_DIR_PATH}/Podfile.lock\" \"${PODS_ROOT}/Manifest.lock\" > /dev/null\nif [ $? != 0 ] ; then\n    # print error to STDERR\n    echo \"error: The sandbox is not in sync with the Podfile.lock. Run 'pod install' or update your CocoaPods installation.\" >&2\n    exit 1\nfi\n# This output is used by Xcode 'outputs' to avoid re-running this script phase.\necho \"SUCCESS\" > \"${SCRIPT_OUTPUT_FILE_0}\"\n";
			showEnvVarsInLog = 0;
		};
/* End PBXShellScriptBuildPhase section */

/* Begin PBXSourcesBuildPhase section */
		B1240FD121597D4200DD876D /* Sources */ = {
			isa = PBXSourcesBuildPhase;
			buildActionMask = 2147483647;
			files = (
				B1240FDB21597D4200DD876D /* ViewController.swift in Sources */,
				B1240FD921597D4200DD876D /* AppDelegate.swift in Sources */,
			);
			runOnlyForDeploymentPostprocessing = 0;
		};
		B1240FE521597D4200DD876D /* Sources */ = {
			isa = PBXSourcesBuildPhase;
			buildActionMask = 2147483647;
			files = (
				B1240FEE21597D4200DD876D /* mobilyticsTests.swift in Sources */,
			);
			runOnlyForDeploymentPostprocessing = 0;
		};
		B1240FF021597D4200DD876D /* Sources */ = {
			isa = PBXSourcesBuildPhase;
			buildActionMask = 2147483647;
			files = (
				B1240FF921597D4200DD876D /* mobilyticsUITests.swift in Sources */,
			);
			runOnlyForDeploymentPostprocessing = 0;
		};
/* End PBXSourcesBuildPhase section */

/* Begin PBXTargetDependency section */
		B1240FEB21597D4200DD876D /* PBXTargetDependency */ = {
			isa = PBXTargetDependency;
			target = B1240FD421597D4200DD876D /* mobilytics */;
			targetProxy = B1240FEA21597D4200DD876D /* PBXContainerItemProxy */;
		};
		B1240FF621597D4200DD876D /* PBXTargetDependency */ = {
			isa = PBXTargetDependency;
			target = B1240FD421597D4200DD876D /* mobilytics */;
			targetProxy = B1240FF521597D4200DD876D /* PBXContainerItemProxy */;
		};
/* End PBXTargetDependency section */

/* Begin PBXVariantGroup section */
		B1240FDC21597D4200DD876D /* Main.storyboard */ = {
			isa = PBXVariantGroup;
			children = (
				B1240FDD21597D4200DD876D /* Base */,
			);
			name = Main.storyboard;
			sourceTree = "<group>";
		};
		B1240FE121597D4200DD876D /* LaunchScreen.storyboard */ = {
			isa = PBXVariantGroup;
			children = (
				B1240FE221597D4200DD876D /* Base */,
			);
			name = LaunchScreen.storyboard;
			sourceTree = "<group>";
		};
/* End PBXVariantGroup section */

/* Begin XCBuildConfiguration section */
		B1240FFB21597D4200DD876D /* Debug */ = {
			isa = XCBuildConfiguration;
			buildSettings = {
				ALWAYS_SEARCH_USER_PATHS = NO;
				CLANG_ANALYZER_NONNULL = YES;
				CLANG_ANALYZER_NUMBER_OBJECT_CONVERSION = YES_AGGRESSIVE;
				CLANG_CXX_LANGUAGE_STANDARD = "gnu++14";
				CLANG_CXX_LIBRARY = "libc++";
				CLANG_ENABLE_MODULES = YES;
				CLANG_ENABLE_OBJC_ARC = YES;
				CLANG_WARN_BLOCK_CAPTURE_AUTORELEASING = YES;
				CLANG_WARN_BOOL_CONVERSION = YES;
				CLANG_WARN_COMMA = YES;
				CLANG_WARN_CONSTANT_CONVERSION = YES;
				CLANG_WARN_DIRECT_OBJC_ISA_USAGE = YES_ERROR;
				CLANG_WARN_DOCUMENTATION_COMMENTS = YES;
				CLANG_WARN_EMPTY_BODY = YES;
				CLANG_WARN_ENUM_CONVERSION = YES;
				CLANG_WARN_INFINITE_RECURSION = YES;
				CLANG_WARN_INT_CONVERSION = YES;
				CLANG_WARN_NON_LITERAL_NULL_CONVERSION = YES;
				CLANG_WARN_OBJC_LITERAL_CONVERSION = YES;
				CLANG_WARN_OBJC_ROOT_CLASS = YES_ERROR;
				CLANG_WARN_RANGE_LOOP_ANALYSIS = YES;
				CLANG_WARN_STRICT_PROTOTYPES = YES;
				CLANG_WARN_SUSPICIOUS_MOVE = YES;
				CLANG_WARN_UNGUARDED_AVAILABILITY = YES_AGGRESSIVE;
				CLANG_WARN_UNREACHABLE_CODE = YES;
				CLANG_WARN__DUPLICATE_METHOD_MATCH = YES;
				CODE_SIGN_IDENTITY = "iPhone Developer";
				COPY_PHASE_STRIP = NO;
				DEBUG_INFORMATION_FORMAT = dwarf;
				ENABLE_STRICT_OBJC_MSGSEND = YES;
				ENABLE_TESTABILITY = YES;
				GCC_C_LANGUAGE_STANDARD = gnu11;
				GCC_DYNAMIC_NO_PIC = NO;
				GCC_NO_COMMON_BLOCKS = YES;
				GCC_OPTIMIZATION_LEVEL = 0;
				GCC_PREPROCESSOR_DEFINITIONS = (
					"DEBUG=1",
					"$(inherited)",
				);
				GCC_WARN_64_TO_32_BIT_CONVERSION = YES;
				GCC_WARN_ABOUT_RETURN_TYPE = YES_ERROR;
				GCC_WARN_UNDECLARED_SELECTOR = YES;
				GCC_WARN_UNINITIALIZED_AUTOS = YES_AGGRESSIVE;
				GCC_WARN_UNUSED_FUNCTION = YES;
				GCC_WARN_UNUSED_VARIABLE = YES;
				IPHONEOS_DEPLOYMENT_TARGET = 11.2;
				MTL_ENABLE_DEBUG_INFO = YES;
				ONLY_ACTIVE_ARCH = YES;
				SDKROOT = iphoneos;
				SWIFT_ACTIVE_COMPILATION_CONDITIONS = DEBUG;
				SWIFT_OPTIMIZATION_LEVEL = "-Onone";
			};
			name = Debug;
		};
		B1240FFC21597D4200DD876D /* Release */ = {
			isa = XCBuildConfiguration;
			buildSettings = {
				ALWAYS_SEARCH_USER_PATHS = NO;
				CLANG_ANALYZER_NONNULL = YES;
				CLANG_ANALYZER_NUMBER_OBJECT_CONVERSION = YES_AGGRESSIVE;
				CLANG_CXX_LANGUAGE_STANDARD = "gnu++14";
				CLANG_CXX_LIBRARY = "libc++";
				CLANG_ENABLE_MODULES = YES;
				CLANG_ENABLE_OBJC_ARC = YES;
				CLANG_WARN_BLOCK_CAPTURE_AUTORELEASING = YES;
				CLANG_WARN_BOOL_CONVERSION = YES;
				CLANG_WARN_COMMA = YES;
				CLANG_WARN_CONSTANT_CONVERSION = YES;
				CLANG_WARN_DIRECT_OBJC_ISA_USAGE = YES_ERROR;
				CLANG_WARN_DOCUMENTATION_COMMENTS = YES;
				CLANG_WARN_EMPTY_BODY = YES;
				CLANG_WARN_ENUM_CONVERSION = YES;
				CLANG_WARN_INFINITE_RECURSION = YES;
				CLANG_WARN_INT_CONVERSION = YES;
				CLANG_WARN_NON_LITERAL_NULL_CONVERSION = YES;
				CLANG_WARN_OBJC_LITERAL_CONVERSION = YES;
				CLANG_WARN_OBJC_ROOT_CLASS = YES_ERROR;
				CLANG_WARN_RANGE_LOOP_ANALYSIS = YES;
				CLANG_WARN_STRICT_PROTOTYPES = YES;
				CLANG_WARN_SUSPICIOUS_MOVE = YES;
				CLANG_WARN_UNGUARDED_AVAILABILITY = YES_AGGRESSIVE;
				CLANG_WARN_UNREACHABLE_CODE = YES;
				CLANG_WARN__DUPLICATE_METHOD_MATCH = YES;
				CODE_SIGN_IDENTITY = "iPhone Developer";
				COPY_PHASE_STRIP = NO;
				DEBUG_INFORMATION_FORMAT = "dwarf-with-dsym";
				ENABLE_NS_ASSERTIONS = NO;
				ENABLE_STRICT_OBJC_MSGSEND = YES;
				GCC_C_LANGUAGE_STANDARD = gnu11;
				GCC_NO_COMMON_BLOCKS = YES;
				GCC_WARN_64_TO_32_BIT_CONVERSION = YES;
				GCC_WARN_ABOUT_RETURN_TYPE = YES_ERROR;
				GCC_WARN_UNDECLARED_SELECTOR = YES;
				GCC_WARN_UNINITIALIZED_AUTOS = YES_AGGRESSIVE;
				GCC_WARN_UNUSED_FUNCTION = YES;
				GCC_WARN_UNUSED_VARIABLE = YES;
				IPHONEOS_DEPLOYMENT_TARGET = 11.2;
				MTL_ENABLE_DEBUG_INFO = NO;
				SDKROOT = iphoneos;
				SWIFT_OPTIMIZATION_LEVEL = "-Owholemodule";
				VALIDATE_PRODUCT = YES;
			};
			name = Release;
		};
		B1240FFE21597D4200DD876D /* Debug */ = {
			isa = XCBuildConfiguration;
			baseConfigurationReference = CD599C13BBAED5C14644FF86 /* Pods-mobilytics.debug.xcconfig */;
			buildSettings = {
				ASSETCATALOG_COMPILER_APPICON_NAME = AppIcon;
				CODE_SIGN_STYLE = Automatic;
				DEVELOPMENT_TEAM = J8PMCF872J;
				FRAMEWORK_SEARCH_PATHS = (
					"$(inherited)",
					"$(PROJECT_DIR)",
				);
				INFOPLIST_FILE = mobilytics/Info.plist;
				LD_RUNPATH_SEARCH_PATHS = "$(inherited) @executable_path/Frameworks";
				PRODUCT_BUNDLE_IDENTIFIER = edu.vanderbilt.mobilytics;
				PRODUCT_NAME = "$(TARGET_NAME)";
				SWIFT_VERSION = 4.0;
				TARGETED_DEVICE_FAMILY = "1,2";
			};
			name = Debug;
		};
		B1240FFF21597D4200DD876D /* Release */ = {
			isa = XCBuildConfiguration;
			baseConfigurationReference = 47EB9069987A84C64E6FC2FF /* Pods-mobilytics.release.xcconfig */;
			buildSettings = {
				ASSETCATALOG_COMPILER_APPICON_NAME = AppIcon;
				CODE_SIGN_STYLE = Automatic;
				DEVELOPMENT_TEAM = J8PMCF872J;
				FRAMEWORK_SEARCH_PATHS = (
					"$(inherited)",
					"$(PROJECT_DIR)",
				);
				INFOPLIST_FILE = mobilytics/Info.plist;
				LD_RUNPATH_SEARCH_PATHS = "$(inherited) @executable_path/Frameworks";
				PRODUCT_BUNDLE_IDENTIFIER = edu.vanderbilt.mobilytics;
				PRODUCT_NAME = "$(TARGET_NAME)";
				SWIFT_VERSION = 4.0;
				TARGETED_DEVICE_FAMILY = "1,2";
			};
			name = Release;
		};
		B124100121597D4200DD876D /* Debug */ = {
			isa = XCBuildConfiguration;
			baseConfigurationReference = F30AD3E07B48BBC2DAEEB4A3 /* Pods-mobilyticsTests.debug.xcconfig */;
			buildSettings = {
				ALWAYS_EMBED_SWIFT_STANDARD_LIBRARIES = YES;
				BUNDLE_LOADER = "$(TEST_HOST)";
				CODE_SIGN_STYLE = Automatic;
				DEVELOPMENT_TEAM = J8PMCF872J;
				INFOPLIST_FILE = mobilyticsTests/Info.plist;
				LD_RUNPATH_SEARCH_PATHS = "$(inherited) @executable_path/Frameworks @loader_path/Frameworks";
				PRODUCT_BUNDLE_IDENTIFIER = edu.vanderbilt.mobilytics.mobilyticsTests;
				PRODUCT_NAME = "$(TARGET_NAME)";
				SWIFT_VERSION = 4.0;
				TARGETED_DEVICE_FAMILY = "1,2";
				TEST_HOST = "$(BUILT_PRODUCTS_DIR)/mobilytics.app/mobilytics";
			};
			name = Debug;
		};
		B124100221597D4200DD876D /* Release */ = {
			isa = XCBuildConfiguration;
			baseConfigurationReference = B274501CD8A8A6112F36DD7F /* Pods-mobilyticsTests.release.xcconfig */;
			buildSettings = {
				ALWAYS_EMBED_SWIFT_STANDARD_LIBRARIES = YES;
				BUNDLE_LOADER = "$(TEST_HOST)";
				CODE_SIGN_STYLE = Automatic;
				DEVELOPMENT_TEAM = J8PMCF872J;
				INFOPLIST_FILE = mobilyticsTests/Info.plist;
				LD_RUNPATH_SEARCH_PATHS = "$(inherited) @executable_path/Frameworks @loader_path/Frameworks";
				PRODUCT_BUNDLE_IDENTIFIER = edu.vanderbilt.mobilytics.mobilyticsTests;
				PRODUCT_NAME = "$(TARGET_NAME)";
				SWIFT_VERSION = 4.0;
				TARGETED_DEVICE_FAMILY = "1,2";
				TEST_HOST = "$(BUILT_PRODUCTS_DIR)/mobilytics.app/mobilytics";
			};
			name = Release;
		};
		B124100421597D4200DD876D /* Debug */ = {
			isa = XCBuildConfiguration;
			baseConfigurationReference = 27EA20A216F235EFDABD5A81 /* Pods-mobilyticsUITests.debug.xcconfig */;
			buildSettings = {
				ALWAYS_EMBED_SWIFT_STANDARD_LIBRARIES = YES;
				CODE_SIGN_STYLE = Automatic;
				DEVELOPMENT_TEAM = J8PMCF872J;
				INFOPLIST_FILE = mobilyticsUITests/Info.plist;
				LD_RUNPATH_SEARCH_PATHS = "$(inherited) @executable_path/Frameworks @loader_path/Frameworks";
				PRODUCT_BUNDLE_IDENTIFIER = edu.vanderbilt.mobilytics.mobilyticsUITests;
				PRODUCT_NAME = "$(TARGET_NAME)";
				SWIFT_VERSION = 4.0;
				TARGETED_DEVICE_FAMILY = "1,2";
				TEST_TARGET_NAME = mobilytics;
			};
			name = Debug;
		};
		B124100521597D4200DD876D /* Release */ = {
			isa = XCBuildConfiguration;
			baseConfigurationReference = 096797B12BD7C94A3B517D10 /* Pods-mobilyticsUITests.release.xcconfig */;
			buildSettings = {
				ALWAYS_EMBED_SWIFT_STANDARD_LIBRARIES = YES;
				CODE_SIGN_STYLE = Automatic;
				DEVELOPMENT_TEAM = J8PMCF872J;
				INFOPLIST_FILE = mobilyticsUITests/Info.plist;
				LD_RUNPATH_SEARCH_PATHS = "$(inherited) @executable_path/Frameworks @loader_path/Frameworks";
				PRODUCT_BUNDLE_IDENTIFIER = edu.vanderbilt.mobilytics.mobilyticsUITests;
				PRODUCT_NAME = "$(TARGET_NAME)";
				SWIFT_VERSION = 4.0;
				TARGETED_DEVICE_FAMILY = "1,2";
				TEST_TARGET_NAME = mobilytics;
			};
			name = Release;
		};
/* End XCBuildConfiguration section */

/* Begin XCConfigurationList section */
		B1240FD021597D4200DD876D /* Build configuration list for PBXProject "mobilytics" */ = {
			isa = XCConfigurationList;
			buildConfigurations = (
				B1240FFB21597D4200DD876D /* Debug */,
				B1240FFC21597D4200DD876D /* Release */,
			);
			defaultConfigurationIsVisible = 0;
			defaultConfigurationName = Release;
		};
		B1240FFD21597D4200DD876D /* Build configuration list for PBXNativeTarget "mobilytics" */ = {
			isa = XCConfigurationList;
			buildConfigurations = (
				B1240FFE21597D4200DD876D /* Debug */,
				B1240FFF21597D4200DD876D /* Release */,
			);
			defaultConfigurationIsVisible = 0;
			defaultConfigurationName = Release;
		};
		B124100021597D4200DD876D /* Build configuration list for PBXNativeTarget "mobilyticsTests" */ = {
			isa = XCConfigurationList;
			buildConfigurations = (
				B124100121597D4200DD876D /* Debug */,
				B124100221597D4200DD876D /* Release */,
			);
			defaultConfigurationIsVisible = 0;
			defaultConfigurationName = Release;
		};
		B124100321597D4200DD876D /* Build configuration list for PBXNativeTarget "mobilyticsUITests" */ = {
			isa = XCConfigurationList;
			buildConfigurations = (
				B124100421597D4200DD876D /* Debug */,
				B124100521597D4200DD876D /* Release */,
			);
			defaultConfigurationIsVisible = 0;
			defaultConfigurationName = Release;
		};
/* End XCConfigurationList section */
	};
	rootObject = B1240FCD21597D4200DD876D /* Project object */;
}
